github.com/dev-cib/dog v0.0.0-20240104234343-fff264a60527 h1:yMKTAwOKCsH6jUucfL+Ux/g0FnJdccZlC+Rw1Y3hVbY=
github.com/dev-cib/dog v0.0.0-20240104234343-fff264a60527/go.mod h1:DTmlk6M53Zl3aBjPhhEl011y8aEK96tbITc6bJqqq0s=
github.com/dev-cib/puppy v0.0.0-20240105002900-8713f264c69c h1:f9DzBnhYKFwez5jZSbvO8U+CIS3EEjbvaIcMNIew5B4=
github.com/dev-cib/puppy v0.0.0-20240105002900-8713f264c69c/go.mod h1:o5IPaEB+0ql2bnZSngF07F9YYjG3dVVgtWYUY4tXono=
